PODS:
  - RxSwift (3.6.1)
  - RxSwiftExt (2.5.1):
    - RxSwiftExt/Core (= 2.5.1)
  - RxSwiftExt/Core (2.5.1):
    - RxSwift (~> 3.4)

DEPENDENCIES:
  - RxSwift (~> 3.4)
  - RxSwiftExt (~> 2.4)

SPEC CHECKSUMS:
  RxSwift: f9de85ea20cd2f7716ee5409fc13523dc638e4e4
  RxSwiftExt: ec25c6df68d15ad6fe326792d60452b52e83d606

PODFILE CHECKSUM: ed35c6225fbf5dd223a9413dcad9370097f39f3f

COCOAPODS: 1.3.1
